
Microsoft Visual Studio Solution File, Format Version 12.00
# Visual Studio Version 17
VisualStudioVersion = 17.0.32112.339
MinimumVisualStudioVersion = 10.0.40219.1
Project("{FAE04EC0-301F-11D3-BF4B-00C04F79EFBC}") = "Gifter", "Gifter\Gifter.csproj", "{3443B4E9-D3D2-4FE3-9B1E-55147A358065}"
EndProject
Global
	GlobalSection(SolutionConfigurationPlatforms) = preSolution
		Debug|Any CPU = Debug|Any CPU
		Release|Any CPU = Release|Any CPU
	EndGlobalSection
	GlobalSection(ProjectConfigurationPlatforms) = postSolution
		{3443B4E9-D3D2-4FE3-9B1E-55147A358065}.Debug|Any CPU.ActiveCfg = Debug|Any CPU
		{3443B4E9-D3D2-4FE3-9B1E-55147A358065}.Debug|Any CPU.Build.0 = Debug|Any CPU
		{3443B4E9-D3D2-4FE3-9B1E-55147A358065}.Release|Any CPU.ActiveCfg = Release|Any CPU
		{3443B4E9-D3D2-4FE3-9B1E-55147A358065}.Release|Any CPU.Build.0 = Release|Any CPU
	EndGlobalSection
	GlobalSection(SolutionProperties) = preSolution
		HideSolutionNode = FALSE
	EndGlobalSection
	GlobalSection(ExtensibilityGlobals) = postSolution
		SolutionGuid = {C36D8C87-57A7-47BD-80D4-DAC3A401E9CC}
	EndGlobalSection
EndGlobal
